
Microsoft Visual Studio Solution File, Format Version 12.00
# Visual Studio Version 16
VisualStudioVersion = 16.0.30804.86
MinimumVisualStudioVersion = 10.0.40219.1
Project("{9A19103F-16F7-4668-BE54-9A1E7A4F7556}") = "DataAccess", "DataAccess\DataAccess.csproj", "{F7D1376B-A174-407E-A04A-B0C786C27A3B}"
EndProject
Project("{9A19103F-16F7-4668-BE54-9A1E7A4F7556}") = "Business", "Business\Business.csproj", "{8B24340A-380D-4C86-BE70-ECEADB416982}"
EndProject
Project("{9A19103F-16F7-4668-BE54-9A1E7A4F7556}") = "Entities", "Entities\Entities.csproj", "{CDD86F00-15FC-4379-AA10-FEEC3B400B91}"
EndProject
Project("{FAE04EC0-301F-11D3-BF4B-00C04F79EFBC}") = "ConsoleUI", "ConsoleUI\ConsoleUI.csproj", "{AC254003-261D-4882-8E4F-84C0782F8DC8}"
EndProject
Global
	GlobalSection(SolutionConfigurationPlatforms) = preSolution
		Debug|Any CPU = Debug|Any CPU
		Release|Any CPU = Release|Any CPU
	EndGlobalSection
	GlobalSection(ProjectConfigurationPlatforms) = postSolution
		{F7D1376B-A174-407E-A04A-B0C786C27A3B}.Debug|Any CPU.ActiveCfg = Debug|Any CPU
		{F7D1376B-A174-407E-A04A-B0C786C27A3B}.Debug|Any CPU.Build.0 = Debug|Any CPU
		{F7D1376B-A174-407E-A04A-B0C786C27A3B}.Release|Any CPU.ActiveCfg = Release|Any CPU
		{F7D1376B-A174-407E-A04A-B0C786C27A3B}.Release|Any CPU.Build.0 = Release|Any CPU
		{8B24340A-380D-4C86-BE70-ECEADB416982}.Debug|Any CPU.ActiveCfg = Debug|Any CPU
		{8B24340A-380D-4C86-BE70-ECEADB416982}.Debug|Any CPU.Build.0 = Debug|Any CPU
		{8B24340A-380D-4C86-BE70-ECEADB416982}.Release|Any CPU.ActiveCfg = Release|Any CPU
		{8B24340A-380D-4C86-BE70-ECEADB416982}.Release|Any CPU.Build.0 = Release|Any CPU
		{CDD86F00-15FC-4379-AA10-FEEC3B400B91}.Debug|Any CPU.ActiveCfg = Debug|Any CPU
		{CDD86F00-15FC-4379-AA10-FEEC3B400B91}.Debug|Any CPU.Build.0 = Debug|Any CPU
		{CDD86F00-15FC-4379-AA10-FEEC3B400B91}.Release|Any CPU.ActiveCfg = Release|Any CPU
		{CDD86F00-15FC-4379-AA10-FEEC3B400B91}.Release|Any CPU.Build.0 = Release|Any CPU
		{AC254003-261D-4882-8E4F-84C0782F8DC8}.Debug|Any CPU.ActiveCfg = Debug|Any CPU
		{AC254003-261D-4882-8E4F-84C0782F8DC8}.Debug|Any CPU.Build.0 = Debug|Any CPU
		{AC254003-261D-4882-8E4F-84C0782F8DC8}.Release|Any CPU.ActiveCfg = Release|Any CPU
		{AC254003-261D-4882-8E4F-84C0782F8DC8}.Release|Any CPU.Build.0 = Release|Any CPU
	EndGlobalSection
	GlobalSection(SolutionProperties) = preSolution
		HideSolutionNode = FALSE
	EndGlobalSection
	GlobalSection(ExtensibilityGlobals) = postSolution
		SolutionGuid = {122E8414-6FF7-46CA-9A06-84D1F690E780}
	EndGlobalSection
EndGlobal
